
Microsoft Visual Studio Solution File, Format Version 12.00
# Visual Studio Version 17
VisualStudioVersion = 17.1.32228.430
MinimumVisualStudioVersion = 10.0.40219.1
Project("{FAE04EC0-301F-11D3-BF4B-00C04F79EFBC}") = "ExamGate", "ExamGate\ExamGate.csproj", "{70975B68-A16C-4F9C-A741-8F6FFC3B40F9}"
EndProject
Global
	GlobalSection(SolutionConfigurationPlatforms) = preSolution
		Debug|Any CPU = Debug|Any CPU
		Release|Any CPU = Release|Any CPU
	EndGlobalSection
	GlobalSection(ProjectConfigurationPlatforms) = postSolution
		{70975B68-A16C-4F9C-A741-8F6FFC3B40F9}.Debug|Any CPU.ActiveCfg = Debug|Any CPU
		{70975B68-A16C-4F9C-A741-8F6FFC3B40F9}.Debug|Any CPU.Build.0 = Debug|Any CPU
		{70975B68-A16C-4F9C-A741-8F6FFC3B40F9}.Release|Any CPU.ActiveCfg = Release|Any CPU
		{70975B68-A16C-4F9C-A741-8F6FFC3B40F9}.Release|Any CPU.Build.0 = Release|Any CPU
	EndGlobalSection
	GlobalSection(SolutionProperties) = preSolution
		HideSolutionNode = FALSE
	EndGlobalSection
	GlobalSection(ExtensibilityGlobals) = postSolution
		SolutionGuid = {76C5A48A-47A0-43B9-B219-F4DD9333F967}
	EndGlobalSection
EndGlobal
